
Microsoft Visual Studio Solution File, Format Version 12.00
# Visual Studio Version 16
VisualStudioVersion = 16.0.30104.148
MinimumVisualStudioVersion = 10.0.40219.1
Project("{FAE04EC0-301F-11D3-BF4B-00C04F79EFBC}") = "AdressVerwaltungProjekt", "AdressVerwaltungProjekt\AdressVerwaltungProjekt.csproj", "{B6E198CB-7605-4829-88FD-C63943C18DD8}"
EndProject
Global
	GlobalSection(SolutionConfigurationPlatforms) = preSolution
		Debug|Any CPU = Debug|Any CPU
		Release|Any CPU = Release|Any CPU
	EndGlobalSection
	GlobalSection(ProjectConfigurationPlatforms) = postSolution
		{B6E198CB-7605-4829-88FD-C63943C18DD8}.Debug|Any CPU.ActiveCfg = Debug|Any CPU
		{B6E198CB-7605-4829-88FD-C63943C18DD8}.Debug|Any CPU.Build.0 = Debug|Any CPU
		{B6E198CB-7605-4829-88FD-C63943C18DD8}.Release|Any CPU.ActiveCfg = Release|Any CPU
		{B6E198CB-7605-4829-88FD-C63943C18DD8}.Release|Any CPU.Build.0 = Release|Any CPU
	EndGlobalSection
	GlobalSection(SolutionProperties) = preSolution
		HideSolutionNode = FALSE
	EndGlobalSection
	GlobalSection(ExtensibilityGlobals) = postSolution
		SolutionGuid = {681583D5-4B6A-43E7-8085-34039F3F962A}
	EndGlobalSection
EndGlobal
